{
  "nodes": {
    "flake-parts": {
      "inputs": {
        "nixpkgs-lib": "nixpkgs-lib"
      },
      "locked": {
        "lastModified": 1678379998,
        "narHash": "sha256-TZdfNqftHhDuIFwBcN9MUThx5sQXCTeZk9je5byPKRw=",
        "owner": "hercules-ci",
        "repo": "flake-parts",
        "rev": "c13d60b89adea3dc20704c045ec4d50dd964d447",
        "type": "github"
      },
      "original": {
        "owner": "hercules-ci",
        "repo": "flake-parts",
        "type": "github"
      }
    },
    "nixpkgs": {
      "locked": {
        "lastModified": 1679224734,
        "narHash": "sha256-1Ab3xY7Wgo1h1TNwRt6fp2XjV+KUo+hP1Bolh0KiDJs=",
        "owner": "NixOS",
        "repo": "nixpkgs",
        "rev": "eac7da7b519a5aefe92c33c90b4450a24ebe0ab3",
        "type": "github"
      },
      "original": {
        "owner": "NixOS",
        "ref": "nixos-22.11",
        "repo": "nixpkgs",
        "type": "github"
      }
    },
    "nixpkgs-lib": {
      "locked": {
        "dir": "lib",
        "lastModified": 1678375444,
        "narHash": "sha256-XIgHfGvjFvZQ8hrkfocanCDxMefc/77rXeHvYdzBMc8=",
        "owner": "NixOS",
        "repo": "nixpkgs",
        "rev": "130fa0baaa2b93ec45523fdcde942f6844ee9f6e",
        "type": "github"
      },
      "original": {
        "dir": "lib",
        "owner": "NixOS",
        "ref": "nixos-unstable",
        "repo": "nixpkgs",
        "type": "github"
      }
    },
    "root": {
      "inputs": {
        "flake-parts": "flake-parts",
        "nixpkgs": "nixpkgs"
      }
    }
  },
  "root": "root",
  "version": 7
}
